
Microsoft Visual Studio Solution File, Format Version 12.00
# Visual Studio Version 17
VisualStudioVersion = 17.7.34031.279
MinimumVisualStudioVersion = 10.0.40219.1
Project("{888888A0-9F3D-457C-B088-3A5042F75D52}") = "motor_code", "motor_code\motor_code.pyproj", "{A5E036BE-A52D-410A-BFEB-C3F4E261D42F}"
EndProject
Global
	GlobalSection(SolutionConfigurationPlatforms) = preSolution
		Debug|Any CPU = Debug|Any CPU
		Release|Any CPU = Release|Any CPU
	EndGlobalSection
	GlobalSection(ProjectConfigurationPlatforms) = postSolution
		{A5E036BE-A52D-410A-BFEB-C3F4E261D42F}.Debug|Any CPU.ActiveCfg = Debug|Any CPU
		{A5E036BE-A52D-410A-BFEB-C3F4E261D42F}.Release|Any CPU.ActiveCfg = Release|Any CPU
	EndGlobalSection
	GlobalSection(SolutionProperties) = preSolution
		HideSolutionNode = FALSE
	EndGlobalSection
	GlobalSection(ExtensibilityGlobals) = postSolution
		SolutionGuid = {B4F1D7E2-B8CB-4D6D-B91D-2A702C180E68}
	EndGlobalSection
EndGlobal
